NeoBundleLock Dockerfile.vim cae878bf09ded5ec6f12427e1c073389ddd60826
NeoBundleLock IndentConsistencyCopAutoCmds ba2aa5fd7b9cf924d379188260f8e53169b8e9bb
NeoBundleLock ZoomWin cf21ce1f4bfec10fe7e446c08e9e647a2a234e03
NeoBundleLock ack.vim 923507cadc0b8b73b238db67a28a7ed00194f319
NeoBundleLock ag.vim cb5d96f1af171e76da048c3d79780b7306806695
NeoBundleLock auto-pairs b647ef54cd2d991d5221b97fb5dbb3c0477fdc64
NeoBundleLock base16-vim e711e9b1412b55fec7e8a5cff4ac5c06f9078729
NeoBundleLock delimitMate d24ad6b301685cd3b9278420248cc780fdc8fc59
NeoBundleLock gundo.vim 3975ac871565115e3769dc69c06bc88ddc1369af
NeoBundleLock neobundle.vim b17652e171cc439a6d7554b96daea76c502da3c9
NeoBundleLock nerdtree 96c07746b46c12d0aca7a5276cc5bd0a260b82fe
NeoBundleLock python-mode 9c8468e83232c3e45b730d2d0b28d609053dec05
NeoBundleLock rename.vim f133763b0bbd79039f4e071a467ea8fc27d97dbd
NeoBundleLock syntastic 98e79d85f056970650c6fbf7a21ac08a9d081b0c
NeoBundleLock tagbar 7b36c46d17d57db34fdb0adac9ba6382d0bb5e66
NeoBundleLock ultisnips c3a0924b777dbba2f8612950bd8f8a00df18d1bf
NeoBundleLock vim-abolish e6a170cda8ee542ec5f1384c9643d4330ee6b181
NeoBundleLock vim-airline b29e01fa22ee8b8eb02cf505382a90b045b4bc64
NeoBundleLock vim-bracketed-paste 36779ba3b1af4b81fcba7b83095afe794a07b71a
NeoBundleLock vim-characterize 871364dbc2bceab0db4e365a85e208ab6dd2c4fd
NeoBundleLock vim-commentary 9c685131a5facfa0d643feca3a61b41c007d8170
NeoBundleLock vim-expand-region 966513543de0ddc2d673b5528a056269e7917276
NeoBundleLock vim-fugitive 1c844375fa2762e3b7c16294fa36afee6fef28b1
NeoBundleLock vim-go 3df3cbf2e7ab9d76fd67f9f4077060b4450ba90c
NeoBundleLock vim-indent-guides 4895e860258cd24c975255ef459af4b956107557
NeoBundleLock vim-json f5e3181d0b33a9c51377bb7ea8492feddca8b503
NeoBundleLock vim-movar 2e40e8ece44c92577c68c68dcfcf66fa006878fd
NeoBundleLock vim-repeat 7a6675f092842c8f81e71d5345bd7cdbf3759415
NeoBundleLock vim-ruby 4cf308d325ee2e0990b44869b352ef0091913fd2
NeoBundleLock vim-sensible d0beb8ab42627bea2c747564ca46ec663e3ba0ba
NeoBundleLock vim-showmarks 0e10e62014686e79f22e20d8b0a1f0a3d2b921a7
NeoBundleLock vim-sleuth a17462708aa40a7fc0afd4effa559087d8a2c908
NeoBundleLock vim-sneak 251da16bffe4be41e1e6442cef4d145f3f1d6433
NeoBundleLock vim-snippets 69c918175c77c0a0516c3ab587509a3eca38b3ae
NeoBundleLock vim-stringify c5d46aae23669442948948fdce956025979fa141
NeoBundleLock vim-surround 772ab9587b7d1e2c3bae75395c9123803059ba8a
NeoBundleLock vim-tmux bc7f39f0564c33cc8ba8df52575e908892fc6982
NeoBundleLock xml.vim 79fc7bde626816a8a94d21988ebdc0dc3ca877ba
